dependencies:
  espressif/esp_lcd_ssd1681:
    component_hash: fd5cdcc8e7e748838f8923cedc624eb85c0edc7a82e83db0fc4ba87cb51d1c49
    dependencies:
    - name: idf
      require: private
      version: '>=5.0'
    source:
      registry_url: https://components.espressif.com/
      type: service
    version: 0.1.0~1
  idf:
    source:
      type: idf
    version: 6.0.0
  lvgl/lvgl:
    component_hash: 184e532558c1c45fefed631f3e235423d22582aafb4630f3e8885c35281a49ae
    dependencies: []
    source:
      registry_url: https://components.espressif.com/
      type: service
    version: 9.5.0
direct_dependencies:
- espressif/esp_lcd_ssd1681
- idf
- lvgl/lvgl
manifest_hash: f95156a7e334b2440db6114627aaee80295ec355e8e2bde7b676250573552c40
target: esp32c3
version: 3.0.0
